
Microsoft Visual Studio Solution File, Format Version 12.00
# Visual Studio Version 17
VisualStudioVersion = 17.1.32328.378
MinimumVisualStudioVersion = 10.0.40219.1
Project("{FAE04EC0-301F-11D3-BF4B-00C04F79EFBC}") = "blobService", "blobService.csproj", "{5B433996-F2A2-4236-95A1-DA366F8ABCD8}"
EndProject
Global
	GlobalSection(SolutionConfigurationPlatforms) = preSolution
		Debug|Any CPU = Debug|Any CPU
		Release|Any CPU = Release|Any CPU
	EndGlobalSection
	GlobalSection(ProjectConfigurationPlatforms) = postSolution
		{5B433996-F2A2-4236-95A1-DA366F8ABCD8}.Debug|Any CPU.ActiveCfg = Debug|Any CPU
		{5B433996-F2A2-4236-95A1-DA366F8ABCD8}.Debug|Any CPU.Build.0 = Debug|Any CPU
		{5B433996-F2A2-4236-95A1-DA366F8ABCD8}.Release|Any CPU.ActiveCfg = Release|Any CPU
		{5B433996-F2A2-4236-95A1-DA366F8ABCD8}.Release|Any CPU.Build.0 = Release|Any CPU
	EndGlobalSection
	GlobalSection(SolutionProperties) = preSolution
		HideSolutionNode = FALSE
	EndGlobalSection
	GlobalSection(ExtensibilityGlobals) = postSolution
		SolutionGuid = {6067D669-ECE0-4C9F-B941-6C9A88CF0193}
	EndGlobalSection
EndGlobal
